PODS:
  - Nimble (8.0.4)
  - Quick (1.2.0)

DEPENDENCIES:
  - Nimble
  - Quick

SPEC REPOS:
  https://github.com/CocoaPods/Specs.git:
    - Quick
  trunk:
    - Nimble

SPEC CHECKSUMS:
  Nimble: 18d5360282923225d62b09d781f63abc1a0111fc
  Quick: 58d203b1c5e27fff7229c4c1ae445ad7069a7a08

PODFILE CHECKSUM: 4816643925d9cd3583c365cd93880824c95c59a1

COCOAPODS: 1.8.4
